
Microsoft Visual Studio Solution File, Format Version 12.00
# Visual Studio Version 17
VisualStudioVersion = 17.5.33424.131
MinimumVisualStudioVersion = 10.0.40219.1
Project("{FAE04EC0-301F-11D3-BF4B-00C04F79EFBC}") = "MvcProjeKampi", "MvcProjeKampi\MvcProjeKampi.csproj", "{1E9FBC4D-EED7-46A6-B63E-BD7823895DA8}"
EndProject
Project("{FAE04EC0-301F-11D3-BF4B-00C04F79EFBC}") = "EntityLayer", "EntityLayer\EntityLayer.csproj", "{D32C0332-FB12-4679-8563-CB57C8AA4BAA}"
EndProject
Project("{FAE04EC0-301F-11D3-BF4B-00C04F79EFBC}") = "DataAccessLayer", "DataAccessLayer\DataAccessLayer.csproj", "{272C89BD-3BCD-4F2B-99A7-D25B9C2F018E}"
EndProject
Project("{FAE04EC0-301F-11D3-BF4B-00C04F79EFBC}") = "BusinessLayer", "BusinessLayer\BusinessLayer.csproj", "{F4C9D719-009E-4CBB-8CA3-A0BB957F8602}"
EndProject
Global
	GlobalSection(SolutionConfigurationPlatforms) = preSolution
		Debug|Any CPU = Debug|Any CPU
		Release|Any CPU = Release|Any CPU
	EndGlobalSection
	GlobalSection(ProjectConfigurationPlatforms) = postSolution
		{1E9FBC4D-EED7-46A6-B63E-BD7823895DA8}.Debug|Any CPU.ActiveCfg = Debug|Any CPU
		{1E9FBC4D-EED7-46A6-B63E-BD7823895DA8}.Debug|Any CPU.Build.0 = Debug|Any CPU
		{1E9FBC4D-EED7-46A6-B63E-BD7823895DA8}.Release|Any CPU.ActiveCfg = Release|Any CPU
		{1E9FBC4D-EED7-46A6-B63E-BD7823895DA8}.Release|Any CPU.Build.0 = Release|Any CPU
		{D32C0332-FB12-4679-8563-CB57C8AA4BAA}.Debug|Any CPU.ActiveCfg = Debug|Any CPU
		{D32C0332-FB12-4679-8563-CB57C8AA4BAA}.Debug|Any CPU.Build.0 = Debug|Any CPU
		{D32C0332-FB12-4679-8563-CB57C8AA4BAA}.Release|Any CPU.ActiveCfg = Release|Any CPU
		{D32C0332-FB12-4679-8563-CB57C8AA4BAA}.Release|Any CPU.Build.0 = Release|Any CPU
		{272C89BD-3BCD-4F2B-99A7-D25B9C2F018E}.Debug|Any CPU.ActiveCfg = Debug|Any CPU
		{272C89BD-3BCD-4F2B-99A7-D25B9C2F018E}.Debug|Any CPU.Build.0 = Debug|Any CPU
		{272C89BD-3BCD-4F2B-99A7-D25B9C2F018E}.Release|Any CPU.ActiveCfg = Release|Any CPU
		{272C89BD-3BCD-4F2B-99A7-D25B9C2F018E}.Release|Any CPU.Build.0 = Release|Any CPU
		{F4C9D719-009E-4CBB-8CA3-A0BB957F8602}.Debug|Any CPU.ActiveCfg = Debug|Any CPU
		{F4C9D719-009E-4CBB-8CA3-A0BB957F8602}.Debug|Any CPU.Build.0 = Debug|Any CPU
		{F4C9D719-009E-4CBB-8CA3-A0BB957F8602}.Release|Any CPU.ActiveCfg = Release|Any CPU
		{F4C9D719-009E-4CBB-8CA3-A0BB957F8602}.Release|Any CPU.Build.0 = Release|Any CPU
	EndGlobalSection
	GlobalSection(SolutionProperties) = preSolution
		HideSolutionNode = FALSE
	EndGlobalSection
	GlobalSection(ExtensibilityGlobals) = postSolution
		SolutionGuid = {8E894D57-E0C1-4F0E-BB24-CBC4C050BD48}
	EndGlobalSection
EndGlobal
